# THIS IS AN AUTOGENERATED FILE. DO NOT EDIT THIS FILE DIRECTLY.
# yarn lockfile v1


"@types/react-native@^0.52.2":
  version "0.52.2"
  resolved "https://registry.npmjs.org/@types/react-native/-/react-native-0.52.2.tgz#1d3fe8ec2d4ad2c256585a1d70e9f2b320c707b3"
  dependencies:
    "@types/react" "*"

"@types/react@*":
  version "16.0.34"
  resolved "https://registry.npmjs.org/@types/react/-/react-16.0.34.tgz#7a8f795afd8a404a9c4af9539b24c75d3996914e"
